
Microsoft Visual Studio Solution File, Format Version 12.00
# Visual Studio Version 17
VisualStudioVersion = 17.3.32811.315
MinimumVisualStudioVersion = 10.0.40219.1
Project("{FAE04EC0-301F-11D3-BF4B-00C04F79EFBC}") = "ConsoleMenu", "ConsoleMenu\ConsoleMenu.csproj", "{D587767F-6E48-49D8-9B72-A5000DFC4FDE}"
EndProject
Project("{FAE04EC0-301F-11D3-BF4B-00C04F79EFBC}") = "LibForLab1", "LibForLab1\LibForLab1.csproj", "{B4218F91-B157-48E6-964C-237588998C07}"
EndProject
Project("{FAE04EC0-301F-11D3-BF4B-00C04F79EFBC}") = "UnitTest1", "UnitTest1\UnitTest1.csproj", "{A9EB36AF-1E52-492E-BE15-B9F71242BAE3}"
EndProject
Global
	GlobalSection(SolutionConfigurationPlatforms) = preSolution
		Debug|Any CPU = Debug|Any CPU
		Release|Any CPU = Release|Any CPU
	EndGlobalSection
	GlobalSection(ProjectConfigurationPlatforms) = postSolution
		{D587767F-6E48-49D8-9B72-A5000DFC4FDE}.Debug|Any CPU.ActiveCfg = Debug|Any CPU
		{D587767F-6E48-49D8-9B72-A5000DFC4FDE}.Debug|Any CPU.Build.0 = Debug|Any CPU
		{D587767F-6E48-49D8-9B72-A5000DFC4FDE}.Release|Any CPU.ActiveCfg = Release|Any CPU
		{D587767F-6E48-49D8-9B72-A5000DFC4FDE}.Release|Any CPU.Build.0 = Release|Any CPU
		{B4218F91-B157-48E6-964C-237588998C07}.Debug|Any CPU.ActiveCfg = Debug|Any CPU
		{B4218F91-B157-48E6-964C-237588998C07}.Debug|Any CPU.Build.0 = Debug|Any CPU
		{B4218F91-B157-48E6-964C-237588998C07}.Release|Any CPU.ActiveCfg = Release|Any CPU
		{B4218F91-B157-48E6-964C-237588998C07}.Release|Any CPU.Build.0 = Release|Any CPU
		{A9EB36AF-1E52-492E-BE15-B9F71242BAE3}.Debug|Any CPU.ActiveCfg = Debug|Any CPU
		{A9EB36AF-1E52-492E-BE15-B9F71242BAE3}.Debug|Any CPU.Build.0 = Debug|Any CPU
		{A9EB36AF-1E52-492E-BE15-B9F71242BAE3}.Release|Any CPU.ActiveCfg = Release|Any CPU
		{A9EB36AF-1E52-492E-BE15-B9F71242BAE3}.Release|Any CPU.Build.0 = Release|Any CPU
	EndGlobalSection
	GlobalSection(SolutionProperties) = preSolution
		HideSolutionNode = FALSE
	EndGlobalSection
	GlobalSection(ExtensibilityGlobals) = postSolution
		SolutionGuid = {E111E959-14DA-4B37-B03C-74257EB3FFA6}
	EndGlobalSection
EndGlobal
