
Microsoft Visual Studio Solution File, Format Version 12.00
# Visual Studio Version 17
VisualStudioVersion = 17.3.32811.315
MinimumVisualStudioVersion = 10.0.40219.1
Project("{FAE04EC0-301F-11D3-BF4B-00C04F79EFBC}") = "Lab6", "Lab6\Lab6.csproj", "{FA802299-D568-40B6-BD02-BACC02CBFE57}"
EndProject
Project("{FAE04EC0-301F-11D3-BF4B-00C04F79EFBC}") = "LibForLab6", "LibForLab6\LibForLab6.csproj", "{23F330AF-0F26-477C-8377-9BAEBD679AE3}"
EndProject
Global
	GlobalSection(SolutionConfigurationPlatforms) = preSolution
		Debug|Any CPU = Debug|Any CPU
		Release|Any CPU = Release|Any CPU
	EndGlobalSection
	GlobalSection(ProjectConfigurationPlatforms) = postSolution
		{FA802299-D568-40B6-BD02-BACC02CBFE57}.Debug|Any CPU.ActiveCfg = Debug|Any CPU
		{FA802299-D568-40B6-BD02-BACC02CBFE57}.Debug|Any CPU.Build.0 = Debug|Any CPU
		{FA802299-D568-40B6-BD02-BACC02CBFE57}.Release|Any CPU.ActiveCfg = Release|Any CPU
		{FA802299-D568-40B6-BD02-BACC02CBFE57}.Release|Any CPU.Build.0 = Release|Any CPU
		{23F330AF-0F26-477C-8377-9BAEBD679AE3}.Debug|Any CPU.ActiveCfg = Debug|Any CPU
		{23F330AF-0F26-477C-8377-9BAEBD679AE3}.Debug|Any CPU.Build.0 = Debug|Any CPU
		{23F330AF-0F26-477C-8377-9BAEBD679AE3}.Release|Any CPU.ActiveCfg = Release|Any CPU
		{23F330AF-0F26-477C-8377-9BAEBD679AE3}.Release|Any CPU.Build.0 = Release|Any CPU
	EndGlobalSection
	GlobalSection(SolutionProperties) = preSolution
		HideSolutionNode = FALSE
	EndGlobalSection
	GlobalSection(ExtensibilityGlobals) = postSolution
		SolutionGuid = {5FBFC2F4-4CE5-4356-91E0-3A5095431EEC}
	EndGlobalSection
EndGlobal
