
Microsoft Visual Studio Solution File, Format Version 12.00
# Visual Studio Version 17
VisualStudioVersion = 17.3.32811.315
MinimumVisualStudioVersion = 10.0.40219.1
Project("{FAE04EC0-301F-11D3-BF4B-00C04F79EFBC}") = "VectorException", "VectorException\VectorException.csproj", "{4EAE883C-61E4-4791-8AD3-3DD0DB12F7C6}"
EndProject
Project("{FAE04EC0-301F-11D3-BF4B-00C04F79EFBC}") = "VectorExceptionForm", "MainForm\VectorExceptionForm.csproj", "{58478BEA-3C3D-43F6-881B-D79AB7EB927E}"
EndProject
Project("{FAE04EC0-301F-11D3-BF4B-00C04F79EFBC}") = "VectorLibrary", "VectorLibrary\VectorLibrary.csproj", "{3ACEB903-B9D1-4EA5-9346-9F76429F6378}"
EndProject
Project("{FAE04EC0-301F-11D3-BF4B-00C04F79EFBC}") = "VectorExceptionTest", "VectorExceptionTest\VectorExceptionTest.csproj", "{02000CBD-899E-412C-8600-79FEEA875ADF}"
EndProject
Global
	GlobalSection(SolutionConfigurationPlatforms) = preSolution
		Debug|Any CPU = Debug|Any CPU
		Release|Any CPU = Release|Any CPU
	EndGlobalSection
	GlobalSection(ProjectConfigurationPlatforms) = postSolution
		{4EAE883C-61E4-4791-8AD3-3DD0DB12F7C6}.Debug|Any CPU.ActiveCfg = Debug|Any CPU
		{4EAE883C-61E4-4791-8AD3-3DD0DB12F7C6}.Debug|Any CPU.Build.0 = Debug|Any CPU
		{4EAE883C-61E4-4791-8AD3-3DD0DB12F7C6}.Release|Any CPU.ActiveCfg = Release|Any CPU
		{4EAE883C-61E4-4791-8AD3-3DD0DB12F7C6}.Release|Any CPU.Build.0 = Release|Any CPU
		{58478BEA-3C3D-43F6-881B-D79AB7EB927E}.Debug|Any CPU.ActiveCfg = Debug|Any CPU
		{58478BEA-3C3D-43F6-881B-D79AB7EB927E}.Debug|Any CPU.Build.0 = Debug|Any CPU
		{58478BEA-3C3D-43F6-881B-D79AB7EB927E}.Release|Any CPU.ActiveCfg = Release|Any CPU
		{58478BEA-3C3D-43F6-881B-D79AB7EB927E}.Release|Any CPU.Build.0 = Release|Any CPU
		{3ACEB903-B9D1-4EA5-9346-9F76429F6378}.Debug|Any CPU.ActiveCfg = Debug|Any CPU
		{3ACEB903-B9D1-4EA5-9346-9F76429F6378}.Debug|Any CPU.Build.0 = Debug|Any CPU
		{3ACEB903-B9D1-4EA5-9346-9F76429F6378}.Release|Any CPU.ActiveCfg = Release|Any CPU
		{3ACEB903-B9D1-4EA5-9346-9F76429F6378}.Release|Any CPU.Build.0 = Release|Any CPU
		{02000CBD-899E-412C-8600-79FEEA875ADF}.Debug|Any CPU.ActiveCfg = Debug|Any CPU
		{02000CBD-899E-412C-8600-79FEEA875ADF}.Debug|Any CPU.Build.0 = Debug|Any CPU
		{02000CBD-899E-412C-8600-79FEEA875ADF}.Release|Any CPU.ActiveCfg = Release|Any CPU
		{02000CBD-899E-412C-8600-79FEEA875ADF}.Release|Any CPU.Build.0 = Release|Any CPU
	EndGlobalSection
	GlobalSection(SolutionProperties) = preSolution
		HideSolutionNode = FALSE
	EndGlobalSection
	GlobalSection(ExtensibilityGlobals) = postSolution
		SolutionGuid = {8696E198-D8C0-4D62-A8B2-FB1C11E57FEE}
	EndGlobalSection
EndGlobal
